
Microsoft Visual Studio Solution File, Format Version 12.00
# Visual Studio Version 16
VisualStudioVersion = 16.0.32002.261
MinimumVisualStudioVersion = 10.0.40219.1
Project("{FAE04EC0-301F-11D3-BF4B-00C04F79EFBC}") = "Project2", "Project2.csproj", "{932578E2-3B72-4C7D-B117-1713F5C15ABE}"
EndProject
Global
	GlobalSection(SolutionConfigurationPlatforms) = preSolution
		Debug|Any CPU = Debug|Any CPU
		Release|Any CPU = Release|Any CPU
	EndGlobalSection
	GlobalSection(ProjectConfigurationPlatforms) = postSolution
		{932578E2-3B72-4C7D-B117-1713F5C15ABE}.Debug|Any CPU.ActiveCfg = Debug|Any CPU
		{932578E2-3B72-4C7D-B117-1713F5C15ABE}.Debug|Any CPU.Build.0 = Debug|Any CPU
		{932578E2-3B72-4C7D-B117-1713F5C15ABE}.Release|Any CPU.ActiveCfg = Release|Any CPU
		{932578E2-3B72-4C7D-B117-1713F5C15ABE}.Release|Any CPU.Build.0 = Release|Any CPU
	EndGlobalSection
	GlobalSection(SolutionProperties) = preSolution
		HideSolutionNode = FALSE
	EndGlobalSection
	GlobalSection(ExtensibilityGlobals) = postSolution
		SolutionGuid = {5AF2A32F-C4D7-476E-9B5A-5E8FF3A938AB}
	EndGlobalSection
EndGlobal
